version = 1
revision = 3
requires-python = ">=3.14"

[[package]]
name = "claude-usage-bar"
version = "0.1.0"
source = { virtual = "." }
dependencies = [
    { name = "pyobjc-framework-quartz" },
    { name = "pyobjc-framework-webkit" },
]

[package.metadata]
requires-dist = [
    { name = "pyobjc-framework-quartz", specifier = ">=12.2" },
    { name = "pyobjc-framework-webkit", specifier = ">=12.2" },
]

[package.metadata.requires-dev]
dev = []

[[package]]
name = "pyobjc-core"
version = "12.2"
source = { registry = "https://pypi.org/simple" }
sdist = { url = "https://files.pythonhosted.org/packages/2a/e8/a6cc12669211e7c9b29e8f26bf2159e67c7a73555dc229018abf46d8167a/pyobjc_core-12.2.tar.gz", hash = "sha256:51d7de4cfa32f508c6a7aac31f131b12d5e196a8dcf588e6e8d7e6337224f66d", size = 1062064, upload-time = "2026-05-30T12:29:55.417Z" }
wheels = [
    { url = "https://files.pythonhosted.org/packages/2e/b2/ecfbd0c80e7688ed6f3db23414758443c69c3a9d318f2036e26530ede955/pyobjc_core-12.2-cp314-cp314-macosx_10_15_universal2.whl", hash = "sha256:a51352e478785cd7fce1604b9902125a286139caea0759cb340e59d75b594992", size = 6421372, upload-time = "2026-05-30T10:47:27.907Z" },
    { url = "https://files.pythonhosted.org/packages/2b/89/ecd5cb62573fba9a95f8bdb838a9860a360907104a0724af6611d3b20512/pyobjc_core-12.2-cp314-cp314t-macosx_10_15_universal2.whl", hash = "sha256:3137b2d14f9f2154fb5b1c092c38d15e164f68ab190c18335d76e4e7e1583f79", size = 6676789, upload-time = "2026-05-30T10:59:33.811Z" },
    { url = "https://files.pythonhosted.org/packages/74/24/5091d156b19df0f657127f42b08eada11c9b9cc5df49fedb91bb354d9821/pyobjc_core-12.2-cp315-cp315-macosx_10_15_universal2.whl", hash = "sha256:1e4216f2ec962dc13cf7f31b9bc3a7190337a0f401e7dc9de6b2d8c08b9dbb7a", size = 6476112, upload-time = "2026-05-30T11:21:46.914Z" },
    { url = "https://files.pythonhosted.org/packages/77/e2/ee91ea8a0ad28e759f351ed8654027c34fc62ad5e207672522025a6a3fc2/pyobjc_core-12.2-cp315-cp315t-macosx_10_15_universal2.whl", hash = "sha256:ac952bac8057dd0b97ee7b311c39f97cad7430b7cfbd67ca0a30135a7d17d2ab", size = 6718365, upload-time = "2026-05-30T11:51:47.35Z" },
]

[[package]]
name = "pyobjc-framework-cocoa"
version = "12.2"
source = { registry = "https://pypi.org/simple" }
dependencies = [
    { name = "pyobjc-core" },
]
sdist = { url = "https://files.pythonhosted.org/packages/6d/cc/927169225e72bab9c9b44285656768fb75052a0bc85fdbca62740e1ca43c/pyobjc_framework_cocoa-12.2.tar.gz", hash = "sha256:20b392e2b7241caad0538dfde12143343e5dfe48f72e7df660a7548e635903dc", size = 3125555, upload-time = "2026-05-30T12:35:09.273Z" }
wheels = [
    { url = "https://files.pythonhosted.org/packages/56/4b/df8e359e5e422e8f1430bde038aa64364e8c1d4542d7f6fcc4f8a97ec0b7/pyobjc_framework_cocoa-12.2-cp314-cp314-macosx_10_15_universal2.whl", hash = "sha256:aecfd44908fa12a9291fb6ca2458ebbc611102de6784f2202a35fd5ed9f56c60", size = 388334, upload-time = "2026-05-30T11:59:25.861Z" },
    { url = "https://files.pythonhosted.org/packages/43/a2/68c0702cc9d6dbc7077edbd13ccc9aa30ac589d514f51ad6f5c3840e3bf1/pyobjc_framework_cocoa-12.2-cp314-cp314t-macosx_10_15_universal2.whl", hash = "sha256:ef679740f541c52118149b558b757d1f11d9dcf30c2a23344b13a6af6a99a1ab", size = 392376, upload-time = "2026-05-30T11:59:50.031Z" },
    { url = "https://files.pythonhosted.org/packages/83/c3/e170672302e75cc1aa833546fb0d5a3bd4a126ede4124566d5a2e4a50cd6/pyobjc_framework_cocoa-12.2-cp315-cp315-macosx_10_15_universal2.whl", hash = "sha256:290e544a8c2d0786a34a359d825eaad44ebaaa3b30cdd765b2755422ca39a0d2", size = 388566, upload-time = "2026-05-30T12:00:13.606Z" },
    { url = "https://files.pythonhosted.org/packages/f7/6b/78e98e4de11646e56cf98066f9f84b43c86adc8b273a660d85a6ceba7a31/pyobjc_framework_cocoa-12.2-cp315-cp315t-macosx_10_15_universal2.whl", hash = "sha256:5a0bed77b0b56074cc2b4564aae3e6e9d5da5fdf93252f50b6dbced0f7fece3a", size = 392674, upload-time = "2026-05-30T12:00:37.572Z" },
]

[[package]]
name = "pyobjc-framework-quartz"
version = "12.2"
source = { registry = "https://pypi.org/simple" }
dependencies = [
    { name = "pyobjc-core" },
    { name = "pyobjc-framework-cocoa" },
]
sdist = { url = "https://files.pythonhosted.org/packages/91/a3/5ae4c90c13999b46315f549694f25c374c48a9f7ab18f98ace6e74f4a5c1/pyobjc_framework_quartz-12.2.tar.gz", hash = "sha256:b343395d4790323b0376fe20c83ac468510ba19f65429323ca211708c939d107", size = 3215525, upload-time = "2026-05-30T12:44:27.759Z" }
wheels = [
    { url = "https://files.pythonhosted.org/packages/11/b4/7ec90f6480b554173df109b570915c26d286c414d9444d2066fc93567781/pyobjc_framework_quartz-12.2-cp314-cp314-macosx_10_15_universal2.whl", hash = "sha256:08f7c7b42de70875cee15f4d0e217471e382ffac44d0a5bcfd30f583b9b41adb", size = 219749, upload-time = "2026-05-30T12:20:40.674Z" },
    { url = "https://files.pythonhosted.org/packages/72/f7/9a6cc42345d7a89c7344763e931476c9bf00d3b16ef1e862b1f720709afe/pyobjc_framework_quartz-12.2-cp314-cp314t-macosx_10_15_universal2.whl", hash = "sha256:57553e7085191f9421ec78fe57a8a0c8462e39d675014ac1e4b389381f04535a", size = 224703, upload-time = "2026-05-30T12:20:54.835Z" },
    { url = "https://files.pythonhosted.org/packages/41/76/a831a11a67fe36898b4b887bfe7694a291e08a96266416a832a9de97bec8/pyobjc_framework_quartz-12.2-cp315-cp315-macosx_10_15_universal2.whl", hash = "sha256:6fbd127d864108103d4980292ffca32bd9c1e5f643e0abd5773fdde2918afaca", size = 219804, upload-time = "2026-05-30T12:21:08.79Z" },
    { url = "https://files.pythonhosted.org/packages/bb/77/3223cef0bf8cc97f1d586ad1b6c79e04bfbe2a47a1fe5bd1ad3abd862325/pyobjc_framework_quartz-12.2-cp315-cp315t-macosx_10_15_universal2.whl", hash = "sha256:359738c88b12427a30d73a3d202002ab910e31eebf6bee4550495ec8aa64a004", size = 224750, upload-time = "2026-05-30T12:21:22.826Z" },
]

[[package]]
name = "pyobjc-framework-webkit"
version = "12.2"
source = { registry = "https://pypi.org/simple" }
dependencies = [
    { name = "pyobjc-core" },
    { name = "pyobjc-framework-cocoa" },
]
sdist = { url = "https://files.pythonhosted.org/packages/06/ba/0e17f151d80854285a84b3c96f48d55b0c61ae683060a52cd50084ef4c64/pyobjc_framework_webkit-12.2.tar.gz", hash = "sha256:498353fe812006f7fe2829a679018fcff3ed2684aa31c08d8a8af929ee9283b6", size = 332359, upload-time = "2026-05-30T12:46:37.677Z" }
wheels = [
    { url = "https://files.pythonhosted.org/packages/00/e1/12288f728e2862d7932a1b21aa5a059ae67708900e4f0873c88053edb761/pyobjc_framework_webkit-12.2-cp314-cp314-macosx_10_15_universal2.whl", hash = "sha256:6cba6e76e33c62369d0fa8cb4b83959db4c53888173cb3546a15cd998c8e8aec", size = 50475, upload-time = "2026-05-30T12:28:36.862Z" },
    { url = "https://files.pythonhosted.org/packages/7f/98/6373d02bc5dd9653207f1f766e55c2659aa01b65bf94b9d00584e7142312/pyobjc_framework_webkit-12.2-cp314-cp314t-macosx_10_15_universal2.whl", hash = "sha256:43a18df9a8d6b6f1f003a732eee0a0fcd01c2d31566be2b2ba8ee732c1a32cf9", size = 50938, upload-time = "2026-05-30T12:28:40.942Z" },
    { url = "https://files.pythonhosted.org/packages/bb/22/22d4b3d39d41fa94aa8bb904ec546199d940edcdbc9594c4ad3517d49692/pyobjc_framework_webkit-12.2-cp315-cp315-macosx_10_15_universal2.whl", hash = "sha256:50dbd5210f80c7834b1af2b675712f6134217d713f2b2a8d9f96cf29be6ec8f0", size = 50469, upload-time = "2026-05-30T12:28:45.058Z" },
    { url = "https://files.pythonhosted.org/packages/22/1b/09cb42c5ede2a5025c4695b2beb37216a4d200511aa3eb4b9faadf1a517d/pyobjc_framework_webkit-12.2-cp315-cp315t-macosx_10_15_universal2.whl", hash = "sha256:e8895b2cbc8b5d4c1475a3094771d3b8e6dbbd19ec3200922b1cd91d649e8043", size = 50936, upload-time = "2026-05-30T12:28:49.013Z" },
]
